// !$*UTF8*$!
{
	archiveVersion = 1;
	classes = {
	};
	objectVersion = 50;
	objects = {

/* Begin PBXBuildFile section */
		6648E537214606EC00D2CDA6 /* AppDelegate.m in Sources */ = {isa = PBXBuildFile; fileRef = 6648E536214606EC00D2CDA6 /* AppDelegate.m */; };
		6648E53A214606EC00D2CDA6 /* ViewController.m in Sources */ = {isa = PBXBuildFile; fileRef = 6648E539214606EC00D2CDA6 /* ViewController.m */; };
		6648E53C214606EE00D2CDA6 /* Assets.xcassets in Resources */ = {isa = PBXBuildFile; fileRef = 6648E53B214606EE00D2CDA6 /* Assets.xcassets */; };
		6648E53F214606EE00D2CDA6 /* Main.storyboard in Resources */ = {isa = PBXBuildFile; fileRef = 6648E53D214606EE00D2CDA6 /* Main.storyboard */; };
		6648E542214606EE00D2CDA6 /* main.m in Sources */ = {isa = PBXBuildFile; fileRef = 6648E541214606EE00D2CDA6 /* main.m */; };
		6648E54D214606EE00D2CDA6 /* SpinBoxSliderTests.m in Sources */ = {isa = PBXBuildFile; fileRef = 6648E54C214606EE00D2CDA6 /* SpinBoxSliderTests.m */; };
		6648E558214606EF00D2CDA6 /* SpinBoxSliderUITests.m in Sources */ = {isa = PBXBuildFile; fileRef = 6648E557214606EF00D2CDA6 /* SpinBoxSliderUITests.m */; };
		6648E5672146071F00D2CDA6 /* SpinBoxSlider.m in Sources */ = {isa = PBXBuildFile; fileRef = 6648E5662146071F00D2CDA6 /* SpinBoxSlider.m */; };
/* End PBXBuildFile section */

/* Begin PBXContainerItemProxy section */
		6648E549214606EE00D2CDA6 /* PBXContainerItemProxy */ = {
			isa = PBXContainerItemProxy;
			containerPortal = 6648E52A214606EC00D2CDA6 /* Project object */;
			proxyType = 1;
			remoteGlobalIDString = 6648E531214606EC00D2CDA6;
			remoteInfo = SpinBoxSlider;
		};
		6648E554214606EF00D2CDA6 /* PBXContainerItemProxy */ = {
			isa = PBXContainerItemProxy;
			containerPortal = 6648E52A214606EC00D2CDA6 /* Project object */;
			proxyType = 1;
			remoteGlobalIDString = 6648E531214606EC00D2CDA6;
			remoteInfo = SpinBoxSlider;
		};
/* End PBXContainerItemProxy section */

/* Begin PBXFileReference section */
		6648E532214606EC00D2CDA6 /* SpinBoxSlider.app */ = {isa = PBXFileReference; explicitFileType = wrapper.application; includeInIndex = 0; path = SpinBoxSlider.app; sourceTree = BUILT_PRODUCTS_DIR; };
		6648E535214606EC00D2CDA6 /* AppDelegate.h */ = {isa = PBXFileReference; lastKnownFileType = sourcecode.c.h; path = AppDelegate.h; sourceTree = "<group>"; };
		6648E536214606EC00D2CDA6 /* AppDelegate.m */ = {isa = PBXFileReference; lastKnownFileType = sourcecode.c.objc; path = AppDelegate.m; sourceTree = "<group>"; };
		6648E538214606EC00D2CDA6 /* ViewController.h */ = {isa = PBXFileReference; lastKnownFileType = sourcecode.c.h; path = ViewController.h; sourceTree = "<group>"; };
		6648E539214606EC00D2CDA6 /* ViewController.m */ = {isa = PBXFileReference; lastKnownFileType = sourcecode.c.objc; path = ViewController.m; sourceTree = "<group>"; };
		6648E53B214606EE00D2CDA6 /* Assets.xcassets */ = {isa = PBXFileReference; lastKnownFileType = folder.assetcatalog; path = Assets.xcassets; sourceTree = "<group>"; };
		6648E53E214606EE00D2CDA6 /* Base */ = {isa = PBXFileReference; lastKnownFileType = file.storyboard; name = Base; path = Base.lproj/Main.storyboard; sourceTree = "<group>"; };
		6648E540214606EE00D2CDA6 /* Info.plist */ = {isa = PBXFileReference; lastKnownFileType = text.plist.xml; path = Info.plist; sourceTree = "<group>"; };
		6648E541214606EE00D2CDA6 /* main.m */ = {isa = PBXFileReference; lastKnownFileType = sourcecode.c.objc; path = main.m; sourceTree = "<group>"; };
		6648E543214606EE00D2CDA6 /* SpinBoxSlider.entitlements */ = {isa = PBXFileReference; lastKnownFileType = text.plist.entitlements; path = SpinBoxSlider.entitlements; sourceTree = "<group>"; };
		6648E548214606EE00D2CDA6 /* SpinBoxSliderTests.xctest */ = {isa = PBXFileReference; explicitFileType = wrapper.cfbundle; includeInIndex = 0; path = SpinBoxSliderTests.xctest; sourceTree = BUILT_PRODUCTS_DIR; };
		6648E54C214606EE00D2CDA6 /* SpinBoxSliderTests.m */ = {isa = PBXFileReference; lastKnownFileType = sourcecode.c.objc; path = SpinBoxSliderTests.m; sourceTree = "<group>"; };
		6648E54E214606EE00D2CDA6 /* Info.plist */ = {isa = PBXFileReference; lastKnownFileType = text.plist.xml; path = Info.plist; sourceTree = "<group>"; };
		6648E553214606EF00D2CDA6 /* SpinBoxSliderUITests.xctest */ = {isa = PBXFileReference; explicitFileType = wrapper.cfbundle; includeInIndex = 0; path = SpinBoxSliderUITests.xctest; sourceTree = BUILT_PRODUCTS_DIR; };
		6648E557214606EF00D2CDA6 /* SpinBoxSliderUITests.m */ = {isa = PBXFileReference; lastKnownFileType = sourcecode.c.objc; path = SpinBoxSliderUITests.m; sourceTree = "<group>"; };
		6648E559214606EF00D2CDA6 /* Info.plist */ = {isa = PBXFileReference; lastKnownFileType = text.plist.xml; path = Info.plist; sourceTree = "<group>"; };
		6648E5652146071F00D2CDA6 /* SpinBoxSlider.h */ = {isa = PBXFileReference; lastKnownFileType = sourcecode.c.h; path = SpinBoxSlider.h; sourceTree = "<group>"; };
		6648E5662146071F00D2CDA6 /* SpinBoxSlider.m */ = {isa = PBXFileReference; lastKnownFileType = sourcecode.c.objc; path = SpinBoxSlider.m; sourceTree = "<group>"; };
/* End PBXFileReference section */

/* Begin PBXFrameworksBuildPhase section */
		6648E52F214606EC00D2CDA6 /* Frameworks */ = {
			isa = PBXFrameworksBuildPhase;
			buildActionMask = 2147483647;
			files = (
			);
			runOnlyForDeploymentPostprocessing = 0;
		};
		6648E545214606EE00D2CDA6 /* Frameworks */ = {
			isa = PBXFrameworksBuildPhase;
			buildActionMask = 2147483647;
			files = (
			);
			runOnlyForDeploymentPostprocessing = 0;
		};
		6648E550214606EF00D2CDA6 /* Frameworks */ = {
			isa = PBXFrameworksBuildPhase;
			buildActionMask = 2147483647;
			files = (
			);
			runOnlyForDeploymentPostprocessing = 0;
		};
/* End PBXFrameworksBuildPhase section */

/* Begin PBXGroup section */
		6648E529214606EC00D2CDA6 = {
			isa = PBXGroup;
			children = (
				6648E534214606EC00D2CDA6 /* SpinBoxSlider */,
				6648E54B214606EE00D2CDA6 /* SpinBoxSliderTests */,
				6648E556214606EF00D2CDA6 /* SpinBoxSliderUITests */,
				6648E533214606EC00D2CDA6 /* Products */,
			);
			sourceTree = "<group>";
		};
		6648E533214606EC00D2CDA6 /* Products */ = {
			isa = PBXGroup;
			children = (
				6648E532214606EC00D2CDA6 /* SpinBoxSlider.app */,
				6648E548214606EE00D2CDA6 /* SpinBoxSliderTests.xctest */,
				6648E553214606EF00D2CDA6 /* SpinBoxSliderUITests.xctest */,
			);
			name = Products;
			sourceTree = "<group>";
		};
		6648E534214606EC00D2CDA6 /* SpinBoxSlider */ = {
			isa = PBXGroup;
			children = (
				6648E535214606EC00D2CDA6 /* AppDelegate.h */,
				6648E536214606EC00D2CDA6 /* AppDelegate.m */,
				6648E538214606EC00D2CDA6 /* ViewController.h */,
				6648E539214606EC00D2CDA6 /* ViewController.m */,
				6648E53B214606EE00D2CDA6 /* Assets.xcassets */,
				6648E53D214606EE00D2CDA6 /* Main.storyboard */,
				6648E540214606EE00D2CDA6 /* Info.plist */,
				6648E541214606EE00D2CDA6 /* main.m */,
				6648E543214606EE00D2CDA6 /* SpinBoxSlider.entitlements */,
				6648E5652146071F00D2CDA6 /* SpinBoxSlider.h */,
				6648E5662146071F00D2CDA6 /* SpinBoxSlider.m */,
			);
			path = SpinBoxSlider;
			sourceTree = "<group>";
		};
		6648E54B214606EE00D2CDA6 /* SpinBoxSliderTests */ = {
			isa = PBXGroup;
			children = (
				6648E54C214606EE00D2CDA6 /* SpinBoxSliderTests.m */,
				6648E54E214606EE00D2CDA6 /* Info.plist */,
			);
			path = SpinBoxSliderTests;
			sourceTree = "<group>";
		};
		6648E556214606EF00D2CDA6 /* SpinBoxSliderUITests */ = {
			isa = PBXGroup;
			children = (
				6648E557214606EF00D2CDA6 /* SpinBoxSliderUITests.m */,
				6648E559214606EF00D2CDA6 /* Info.plist */,
			);
			path = SpinBoxSliderUITests;
			sourceTree = "<group>";
		};
/* End PBXGroup section */

/* Begin PBXNativeTarget section */
		6648E531214606EC00D2CDA6 /* SpinBoxSlider */ = {
			isa = PBXNativeTarget;
			buildConfigurationList = 6648E55C214606EF00D2CDA6 /* Build configuration list for PBXNativeTarget "SpinBoxSlider" */;
			buildPhases = (
				6648E52E214606EC00D2CDA6 /* Sources */,
				6648E52F214606EC00D2CDA6 /* Frameworks */,
				6648E530214606EC00D2CDA6 /* Resources */,
			);
			buildRules = (
			);
			dependencies = (
			);
			name = SpinBoxSlider;
			productName = SpinBoxSlider;
			productReference = 6648E532214606EC00D2CDA6 /* SpinBoxSlider.app */;
			productType = "com.apple.product-type.application";
		};
		6648E547214606EE00D2CDA6 /* SpinBoxSliderTests */ = {
			isa = PBXNativeTarget;
			buildConfigurationList = 6648E55F214606EF00D2CDA6 /* Build configuration list for PBXNativeTarget "SpinBoxSliderTests" */;
			buildPhases = (
				6648E544214606EE00D2CDA6 /* Sources */,
				6648E545214606EE00D2CDA6 /* Frameworks */,
				6648E546214606EE00D2CDA6 /* Resources */,
			);
			buildRules = (
			);
			dependencies = (
				6648E54A214606EE00D2CDA6 /* PBXTargetDependency */,
			);
			name = SpinBoxSliderTests;
			productName = SpinBoxSliderTests;
			productReference = 6648E548214606EE00D2CDA6 /* SpinBoxSliderTests.xctest */;
			productType = "com.apple.product-type.bundle.unit-test";
		};
		6648E552214606EF00D2CDA6 /* SpinBoxSliderUITests */ = {
			isa = PBXNativeTarget;
			buildConfigurationList = 6648E562214606EF00D2CDA6 /* Build configuration list for PBXNativeTarget "SpinBoxSliderUITests" */;
			buildPhases = (
				6648E54F214606EF00D2CDA6 /* Sources */,
				6648E550214606EF00D2CDA6 /* Frameworks */,
				6648E551214606EF00D2CDA6 /* Resources */,
			);
			buildRules = (
			);
			dependencies = (
				6648E555214606EF00D2CDA6 /* PBXTargetDependency */,
			);
			name = SpinBoxSliderUITests;
			productName = SpinBoxSliderUITests;
			productReference = 6648E553214606EF00D2CDA6 /* SpinBoxSliderUITests.xctest */;
			productType = "com.apple.product-type.bundle.ui-testing";
		};
/* End PBXNativeTarget section */

/* Begin PBXProject section */
		6648E52A214606EC00D2CDA6 /* Project object */ = {
			isa = PBXProject;
			attributes = {
				LastUpgradeCheck = 0940;
				ORGANIZATIONNAME = adam;
				TargetAttributes = {
					6648E531214606EC00D2CDA6 = {
						CreatedOnToolsVersion = 9.4;
					};
					6648E547214606EE00D2CDA6 = {
						CreatedOnToolsVersion = 9.4;
						TestTargetID = 6648E531214606EC00D2CDA6;
					};
					6648E552214606EF00D2CDA6 = {
						CreatedOnToolsVersion = 9.4;
						TestTargetID = 6648E531214606EC00D2CDA6;
					};
				};
			};
			buildConfigurationList = 6648E52D214606EC00D2CDA6 /* Build configuration list for PBXProject "SpinBoxSlider" */;
			compatibilityVersion = "Xcode 9.3";
			developmentRegion = en;
			hasScannedForEncodings = 0;
			knownRegions = (
				en,
				Base,
			);
			mainGroup = 6648E529214606EC00D2CDA6;
			productRefGroup = 6648E533214606EC00D2CDA6 /* Products */;
			projectDirPath = "";
			projectRoot = "";
			targets = (
				6648E531214606EC00D2CDA6 /* SpinBoxSlider */,
				6648E547214606EE00D2CDA6 /* SpinBoxSliderTests */,
				6648E552214606EF00D2CDA6 /* SpinBoxSliderUITests */,
			);
		};
/* End PBXProject section */

/* Begin PBXResourcesBuildPhase section */
		6648E530214606EC00D2CDA6 /* Resources */ = {
			isa = PBXResourcesBuildPhase;
			buildActionMask = 2147483647;
			files = (
				6648E53C214606EE00D2CDA6 /* Assets.xcassets in Resources */,
				6648E53F214606EE00D2CDA6 /* Main.storyboard in Resources */,
			);
			runOnlyForDeploymentPostprocessing = 0;
		};
		6648E546214606EE00D2CDA6 /* Resources */ = {
			isa = PBXResourcesBuildPhase;
			buildActionMask = 2147483647;
			files = (
			);
			runOnlyForDeploymentPostprocessing = 0;
		};
		6648E551214606EF00D2CDA6 /* Resources */ = {
			isa = PBXResourcesBuildPhase;
			buildActionMask = 2147483647;
			files = (
			);
			runOnlyForDeploymentPostprocessing = 0;
		};
/* End PBXResourcesBuildPhase section */

/* Begin PBXSourcesBuildPhase section */
		6648E52E214606EC00D2CDA6 /* Sources */ = {
			isa = PBXSourcesBuildPhase;
			buildActionMask = 2147483647;
			files = (
				6648E5672146071F00D2CDA6 /* SpinBoxSlider.m in Sources */,
				6648E53A214606EC00D2CDA6 /* ViewController.m in Sources */,
				6648E542214606EE00D2CDA6 /* main.m in Sources */,
				6648E537214606EC00D2CDA6 /* AppDelegate.m in Sources */,
			);
			runOnlyForDeploymentPostprocessing = 0;
		};
		6648E544214606EE00D2CDA6 /* Sources */ = {
			isa = PBXSourcesBuildPhase;
			buildActionMask = 2147483647;
			files = (
				6648E54D214606EE00D2CDA6 /* SpinBoxSliderTests.m in Sources */,
			);
			runOnlyForDeploymentPostprocessing = 0;
		};
		6648E54F214606EF00D2CDA6 /* Sources */ = {
			isa = PBXSourcesBuildPhase;
			buildActionMask = 2147483647;
			files = (
				6648E558214606EF00D2CDA6 /* SpinBoxSliderUITests.m in Sources */,
			);
			runOnlyForDeploymentPostprocessing = 0;
		};
/* End PBXSourcesBuildPhase section */

/* Begin PBXTargetDependency section */
		6648E54A214606EE00D2CDA6 /* PBXTargetDependency */ = {
			isa = PBXTargetDependency;
			target = 6648E531214606EC00D2CDA6 /* SpinBoxSlider */;
			targetProxy = 6648E549214606EE00D2CDA6 /* PBXContainerItemProxy */;
		};
		6648E555214606EF00D2CDA6 /* PBXTargetDependency */ = {
			isa = PBXTargetDependency;
			target = 6648E531214606EC00D2CDA6 /* SpinBoxSlider */;
			targetProxy = 6648E554214606EF00D2CDA6 /* PBXContainerItemProxy */;
		};
/* End PBXTargetDependency section */

/* Begin PBXVariantGroup section */
		6648E53D214606EE00D2CDA6 /* Main.storyboard */ = {
			isa = PBXVariantGroup;
			children = (
				6648E53E214606EE00D2CDA6 /* Base */,
			);
			name = Main.storyboard;
			sourceTree = "<group>";
		};
/* End PBXVariantGroup section */

/* Begin XCBuildConfiguration section */
		6648E55A214606EF00D2CDA6 /* Debug */ = {
			isa = XCBuildConfiguration;
			buildSettings = {
				ALWAYS_SEARCH_USER_PATHS = NO;
				CLANG_ANALYZER_NONNULL = YES;
				CLANG_ANALYZER_NUMBER_OBJECT_CONVERSION = YES_AGGRESSIVE;
				CLANG_CXX_LANGUAGE_STANDARD = "gnu++14";
				CLANG_CXX_LIBRARY = "libc++";
				CLANG_ENABLE_MODULES = YES;
				CLANG_ENABLE_OBJC_ARC = YES;
				CLANG_ENABLE_OBJC_WEAK = YES;
				CLANG_WARN_BLOCK_CAPTURE_AUTORELEASING = YES;
				CLANG_WARN_BOOL_CONVERSION = YES;
				CLANG_WARN_COMMA = YES;
				CLANG_WARN_CONSTANT_CONVERSION = YES;
				CLANG_WARN_DEPRECATED_OBJC_IMPLEMENTATIONS = YES;
				CLANG_WARN_DIRECT_OBJC_ISA_USAGE = YES_ERROR;
				CLANG_WARN_DOCUMENTATION_COMMENTS = YES;
				CLANG_WARN_EMPTY_BODY = YES;
				CLANG_WARN_ENUM_CONVERSION = YES;
				CLANG_WARN_INFINITE_RECURSION = YES;
				CLANG_WARN_INT_CONVERSION = YES;
				CLANG_WARN_NON_LITERAL_NULL_CONVERSION = YES;
				CLANG_WARN_OBJC_IMPLICIT_RETAIN_SELF = YES;
				CLANG_WARN_OBJC_LITERAL_CONVERSION = YES;
				CLANG_WARN_OBJC_ROOT_CLASS = YES_ERROR;
				CLANG_WARN_RANGE_LOOP_ANALYSIS = YES;
				CLANG_WARN_STRICT_PROTOTYPES = YES;
				CLANG_WARN_SUSPICIOUS_MOVE = YES;
				CLANG_WARN_UNGUARDED_AVAILABILITY = YES_AGGRESSIVE;
				CLANG_WARN_UNREACHABLE_CODE = YES;
				CLANG_WARN__DUPLICATE_METHOD_MATCH = YES;
				CODE_SIGN_IDENTITY = "Mac Developer";
				COPY_PHASE_STRIP = NO;
				DEBUG_INFORMATION_FORMAT = dwarf;
				ENABLE_STRICT_OBJC_MSGSEND = YES;
				ENABLE_TESTABILITY = YES;
				GCC_C_LANGUAGE_STANDARD = gnu11;
				GCC_DYNAMIC_NO_PIC = NO;
				GCC_NO_COMMON_BLOCKS = YES;
				GCC_OPTIMIZATION_LEVEL = 0;
				GCC_PREPROCESSOR_DEFINITIONS = (
					"DEBUG=1",
					"$(inherited)",
				);
				GCC_WARN_64_TO_32_BIT_CONVERSION = YES;
				GCC_WARN_ABOUT_RETURN_TYPE = YES_ERROR;
				GCC_WARN_UNDECLARED_SELECTOR = YES;
				GCC_WARN_UNINITIALIZED_AUTOS = YES_AGGRESSIVE;
				GCC_WARN_UNUSED_FUNCTION = YES;
				GCC_WARN_UNUSED_VARIABLE = YES;
				MACOSX_DEPLOYMENT_TARGET = 10.13;
				MTL_ENABLE_DEBUG_INFO = YES;
				ONLY_ACTIVE_ARCH = YES;
				SDKROOT = macosx;
			};
			name = Debug;
		};
		6648E55B214606EF00D2CDA6 /* Release */ = {
			isa = XCBuildConfiguration;
			buildSettings = {
				ALWAYS_SEARCH_USER_PATHS = NO;
				CLANG_ANALYZER_NONNULL = YES;
				CLANG_ANALYZER_NUMBER_OBJECT_CONVERSION = YES_AGGRESSIVE;
				CLANG_CXX_LANGUAGE_STANDARD = "gnu++14";
				CLANG_CXX_LIBRARY = "libc++";
				CLANG_ENABLE_MODULES = YES;
				CLANG_ENABLE_OBJC_ARC = YES;
				CLANG_ENABLE_OBJC_WEAK = YES;
				CLANG_WARN_BLOCK_CAPTURE_AUTORELEASING = YES;
				CLANG_WARN_BOOL_CONVERSION = YES;
				CLANG_WARN_COMMA = YES;
				CLANG_WARN_CONSTANT_CONVERSION = YES;
				CLANG_WARN_DEPRECATED_OBJC_IMPLEMENTATIONS = YES;
				CLANG_WARN_DIRECT_OBJC_ISA_USAGE = YES_ERROR;
				CLANG_WARN_DOCUMENTATION_COMMENTS = YES;
				CLANG_WARN_EMPTY_BODY = YES;
				CLANG_WARN_ENUM_CONVERSION = YES;
				CLANG_WARN_INFINITE_RECURSION = YES;
				CLANG_WARN_INT_CONVERSION = YES;
				CLANG_WARN_NON_LITERAL_NULL_CONVERSION = YES;
				CLANG_WARN_OBJC_IMPLICIT_RETAIN_SELF = YES;
				CLANG_WARN_OBJC_LITERAL_CONVERSION = YES;
				CLANG_WARN_OBJC_ROOT_CLASS = YES_ERROR;
				CLANG_WARN_RANGE_LOOP_ANALYSIS = YES;
				CLANG_WARN_STRICT_PROTOTYPES = YES;
				CLANG_WARN_SUSPICIOUS_MOVE = YES;
				CLANG_WARN_UNGUARDED_AVAILABILITY = YES_AGGRESSIVE;
				CLANG_WARN_UNREACHABLE_CODE = YES;
				CLANG_WARN__DUPLICATE_METHOD_MATCH = YES;
				CODE_SIGN_IDENTITY = "Mac Developer";
				COPY_PHASE_STRIP = NO;
				DEBUG_INFORMATION_FORMAT = "dwarf-with-dsym";
				ENABLE_NS_ASSERTIONS = NO;
				ENABLE_STRICT_OBJC_MSGSEND = YES;
				GCC_C_LANGUAGE_STANDARD = gnu11;
				GCC_NO_COMMON_BLOCKS = YES;
				GCC_WARN_64_TO_32_BIT_CONVERSION = YES;
				GCC_WARN_ABOUT_RETURN_TYPE = YES_ERROR;
				GCC_WARN_UNDECLARED_SELECTOR = YES;
				GCC_WARN_UNINITIALIZED_AUTOS = YES_AGGRESSIVE;
				GCC_WARN_UNUSED_FUNCTION = YES;
				GCC_WARN_UNUSED_VARIABLE = YES;
				MACOSX_DEPLOYMENT_TARGET = 10.13;
				MTL_ENABLE_DEBUG_INFO = NO;
				SDKROOT = macosx;
			};
			name = Release;
		};
		6648E55D214606EF00D2CDA6 /* Debug */ = {
			isa = XCBuildConfiguration;
			buildSettings = {
				ASSETCATALOG_COMPILER_APPICON_NAME = AppIcon;
				CODE_SIGN_ENTITLEMENTS = SpinBoxSlider/SpinBoxSlider.entitlements;
				CODE_SIGN_STYLE = Automatic;
				COMBINE_HIDPI_IMAGES = YES;
				DEVELOPMENT_TEAM = G8N83P5RA4;
				INFOPLIST_FILE = SpinBoxSlider/Info.plist;
				LD_RUNPATH_SEARCH_PATHS = (
					"$(inherited)",
					"@executable_path/../Frameworks",
				);
				PRODUCT_BUNDLE_IDENTIFIER = adam.l.SpinBoxSlider;
				PRODUCT_NAME = "$(TARGET_NAME)";
			};
			name = Debug;
		};
		6648E55E214606EF00D2CDA6 /* Release */ = {
			isa = XCBuildConfiguration;
			buildSettings = {
				ASSETCATALOG_COMPILER_APPICON_NAME = AppIcon;
				CODE_SIGN_ENTITLEMENTS = SpinBoxSlider/SpinBoxSlider.entitlements;
				CODE_SIGN_STYLE = Automatic;
				COMBINE_HIDPI_IMAGES = YES;
				DEVELOPMENT_TEAM = G8N83P5RA4;
				INFOPLIST_FILE = SpinBoxSlider/Info.plist;
				LD_RUNPATH_SEARCH_PATHS = (
					"$(inherited)",
					"@executable_path/../Frameworks",
				);
				PRODUCT_BUNDLE_IDENTIFIER = adam.l.SpinBoxSlider;
				PRODUCT_NAME = "$(TARGET_NAME)";
			};
			name = Release;
		};
		6648E560214606EF00D2CDA6 /* Debug */ = {
			isa = XCBuildConfiguration;
			buildSettings = {
				BUNDLE_LOADER = "$(TEST_HOST)";
				CODE_SIGN_STYLE = Automatic;
				COMBINE_HIDPI_IMAGES = YES;
				DEVELOPMENT_TEAM = G8N83P5RA4;
				INFOPLIST_FILE = SpinBoxSliderTests/Info.plist;
				LD_RUNPATH_SEARCH_PATHS = (
					"$(inherited)",
					"@executable_path/../Frameworks",
					"@loader_path/../Frameworks",
				);
				PRODUCT_BUNDLE_IDENTIFIER = adam.l.SpinBoxSliderTests;
				PRODUCT_NAME = "$(TARGET_NAME)";
				TEST_HOST = "$(BUILT_PRODUCTS_DIR)/SpinBoxSlider.app/Contents/MacOS/SpinBoxSlider";
			};
			name = Debug;
		};
		6648E561214606EF00D2CDA6 /* Release */ = {
			isa = XCBuildConfiguration;
			buildSettings = {
				BUNDLE_LOADER = "$(TEST_HOST)";
				CODE_SIGN_STYLE = Automatic;
				COMBINE_HIDPI_IMAGES = YES;
				DEVELOPMENT_TEAM = G8N83P5RA4;
				INFOPLIST_FILE = SpinBoxSliderTests/Info.plist;
				LD_RUNPATH_SEARCH_PATHS = (
					"$(inherited)",
					"@executable_path/../Frameworks",
					"@loader_path/../Frameworks",
				);
				PRODUCT_BUNDLE_IDENTIFIER = adam.l.SpinBoxSliderTests;
				PRODUCT_NAME = "$(TARGET_NAME)";
				TEST_HOST = "$(BUILT_PRODUCTS_DIR)/SpinBoxSlider.app/Contents/MacOS/SpinBoxSlider";
			};
			name = Release;
		};
		6648E563214606EF00D2CDA6 /* Debug */ = {
			isa = XCBuildConfiguration;
			buildSettings = {
				CODE_SIGN_STYLE = Automatic;
				COMBINE_HIDPI_IMAGES = YES;
				DEVELOPMENT_TEAM = G8N83P5RA4;
				INFOPLIST_FILE = SpinBoxSliderUITests/Info.plist;
				LD_RUNPATH_SEARCH_PATHS = (
					"$(inherited)",
					"@executable_path/../Frameworks",
					"@loader_path/../Frameworks",
				);
				PRODUCT_BUNDLE_IDENTIFIER = adam.l.SpinBoxSliderUITests;
				PRODUCT_NAME = "$(TARGET_NAME)";
				TEST_TARGET_NAME = SpinBoxSlider;
			};
			name = Debug;
		};
		6648E564214606EF00D2CDA6 /* Release */ = {
			isa = XCBuildConfiguration;
			buildSettings = {
				CODE_SIGN_STYLE = Automatic;
				COMBINE_HIDPI_IMAGES = YES;
				DEVELOPMENT_TEAM = G8N83P5RA4;
				INFOPLIST_FILE = SpinBoxSliderUITests/Info.plist;
				LD_RUNPATH_SEARCH_PATHS = (
					"$(inherited)",
					"@executable_path/../Frameworks",
					"@loader_path/../Frameworks",
				);
				PRODUCT_BUNDLE_IDENTIFIER = adam.l.SpinBoxSliderUITests;
				PRODUCT_NAME = "$(TARGET_NAME)";
				TEST_TARGET_NAME = SpinBoxSlider;
			};
			name = Release;
		};
/* End XCBuildConfiguration section */

/* Begin XCConfigurationList section */
		6648E52D214606EC00D2CDA6 /* Build configuration list for PBXProject "SpinBoxSlider" */ = {
			isa = XCConfigurationList;
			buildConfigurations = (
				6648E55A214606EF00D2CDA6 /* Debug */,
				6648E55B214606EF00D2CDA6 /* Release */,
			);
			defaultConfigurationIsVisible = 0;
			defaultConfigurationName = Release;
		};
		6648E55C214606EF00D2CDA6 /* Build configuration list for PBXNativeTarget "SpinBoxSlider" */ = {
			isa = XCConfigurationList;
			buildConfigurations = (
				6648E55D214606EF00D2CDA6 /* Debug */,
				6648E55E214606EF00D2CDA6 /* Release */,
			);
			defaultConfigurationIsVisible = 0;
			defaultConfigurationName = Release;
		};
		6648E55F214606EF00D2CDA6 /* Build configuration list for PBXNativeTarget "SpinBoxSliderTests" */ = {
			isa = XCConfigurationList;
			buildConfigurations = (
				6648E560214606EF00D2CDA6 /* Debug */,
				6648E561214606EF00D2CDA6 /* Release */,
			);
			defaultConfigurationIsVisible = 0;
			defaultConfigurationName = Release;
		};
		6648E562214606EF00D2CDA6 /* Build configuration list for PBXNativeTarget "SpinBoxSliderUITests" */ = {
			isa = XCConfigurationList;
			buildConfigurations = (
				6648E563214606EF00D2CDA6 /* Debug */,
				6648E564214606EF00D2CDA6 /* Release */,
			);
			defaultConfigurationIsVisible = 0;
			defaultConfigurationName = Release;
		};
/* End XCConfigurationList section */
	};
	rootObject = 6648E52A214606EC00D2CDA6 /* Project object */;
}
